
Microsoft Visual Studio Solution File, Format Version 12.00
# Visual Studio Version 17
VisualStudioVersion = 17.11.35327.3
MinimumVisualStudioVersion = 10.0.40219.1
Project("{00D1A9C2-B5F0-4AF3-8072-F6C62B433612}") = "ProyectoSanitarioOLTP", "ProyectoSanitarioOLTP\ProyectoSanitarioOLTP.sqlproj", "{4F2E1008-C5EE-4871-B003-502DCAEE1075}"
EndProject
Project("{00D1A9C2-B5F0-4AF3-8072-F6C62B433612}") = "ProyectoSanitarioDW", "ProyectoSanitarioDW\ProyectoSanitarioDW.sqlproj", "{B4A30769-352A-4F19-92C4-5A1349A200AE}"
EndProject
Project("{2150E333-8FDC-42A3-9474-1A3956D46DE8}") = "Databases", "Databases", "{5DD83521-0814-4563-938E-43883E1C8E1B}"
EndProject
Project("{2150E333-8FDC-42A3-9474-1A3956D46DE8}") = "ETL", "ETL", "{19FB0848-AF2F-4047-A7C6-48994D9A5D53}"
EndProject
Project("{C9674DCB-5085-4A16-B785-4C70DD1589BD}") = "SanitarioETL", "SanitarioETL\SanitarioETL.dtproj", "{EC00526E-BFD7-470B-8E53-3A0A6C5C37E4}"
EndProject
Global
	GlobalSection(SolutionConfigurationPlatforms) = preSolution
		Debug|Any CPU = Debug|Any CPU
		Development|Any CPU = Development|Any CPU
		Release|Any CPU = Release|Any CPU
	EndGlobalSection
	GlobalSection(ProjectConfigurationPlatforms) = postSolution
		{4F2E1008-C5EE-4871-B003-502DCAEE1075}.Debug|Any CPU.ActiveCfg = Debug|Any CPU
		{4F2E1008-C5EE-4871-B003-502DCAEE1075}.Debug|Any CPU.Build.0 = Debug|Any CPU
		{4F2E1008-C5EE-4871-B003-502DCAEE1075}.Debug|Any CPU.Deploy.0 = Debug|Any CPU
		{4F2E1008-C5EE-4871-B003-502DCAEE1075}.Development|Any CPU.ActiveCfg = Debug|Any CPU
		{4F2E1008-C5EE-4871-B003-502DCAEE1075}.Development|Any CPU.Build.0 = Debug|Any CPU
		{4F2E1008-C5EE-4871-B003-502DCAEE1075}.Development|Any CPU.Deploy.0 = Debug|Any CPU
		{4F2E1008-C5EE-4871-B003-502DCAEE1075}.Release|Any CPU.ActiveCfg = Release|Any CPU
		{4F2E1008-C5EE-4871-B003-502DCAEE1075}.Release|Any CPU.Build.0 = Release|Any CPU
		{4F2E1008-C5EE-4871-B003-502DCAEE1075}.Release|Any CPU.Deploy.0 = Release|Any CPU
		{B4A30769-352A-4F19-92C4-5A1349A200AE}.Debug|Any CPU.ActiveCfg = Debug|Any CPU
		{B4A30769-352A-4F19-92C4-5A1349A200AE}.Debug|Any CPU.Build.0 = Debug|Any CPU
		{B4A30769-352A-4F19-92C4-5A1349A200AE}.Debug|Any CPU.Deploy.0 = Debug|Any CPU
		{B4A30769-352A-4F19-92C4-5A1349A200AE}.Development|Any CPU.ActiveCfg = Debug|Any CPU
		{B4A30769-352A-4F19-92C4-5A1349A200AE}.Development|Any CPU.Build.0 = Debug|Any CPU
		{B4A30769-352A-4F19-92C4-5A1349A200AE}.Development|Any CPU.Deploy.0 = Debug|Any CPU
		{B4A30769-352A-4F19-92C4-5A1349A200AE}.Release|Any CPU.ActiveCfg = Release|Any CPU
		{B4A30769-352A-4F19-92C4-5A1349A200AE}.Release|Any CPU.Build.0 = Release|Any CPU
		{B4A30769-352A-4F19-92C4-5A1349A200AE}.Release|Any CPU.Deploy.0 = Release|Any CPU
		{EC00526E-BFD7-470B-8E53-3A0A6C5C37E4}.Debug|Any CPU.ActiveCfg = Development
		{EC00526E-BFD7-470B-8E53-3A0A6C5C37E4}.Debug|Any CPU.Build.0 = Development
		{EC00526E-BFD7-470B-8E53-3A0A6C5C37E4}.Development|Any CPU.ActiveCfg = Development
		{EC00526E-BFD7-470B-8E53-3A0A6C5C37E4}.Development|Any CPU.Build.0 = Development
		{EC00526E-BFD7-470B-8E53-3A0A6C5C37E4}.Release|Any CPU.ActiveCfg = Development
		{EC00526E-BFD7-470B-8E53-3A0A6C5C37E4}.Release|Any CPU.Build.0 = Development
	EndGlobalSection
	GlobalSection(SolutionProperties) = preSolution
		HideSolutionNode = FALSE
	EndGlobalSection
	GlobalSection(NestedProjects) = preSolution
		{4F2E1008-C5EE-4871-B003-502DCAEE1075} = {5DD83521-0814-4563-938E-43883E1C8E1B}
		{B4A30769-352A-4F19-92C4-5A1349A200AE} = {5DD83521-0814-4563-938E-43883E1C8E1B}
		{EC00526E-BFD7-470B-8E53-3A0A6C5C37E4} = {19FB0848-AF2F-4047-A7C6-48994D9A5D53}
	EndGlobalSection
	GlobalSection(ExtensibilityGlobals) = postSolution
		SolutionGuid = {09A4E30B-7108-4EA1-A108-3EE0F087099B}
	EndGlobalSection
EndGlobal
